
Microsoft Visual Studio Solution File, Format Version 12.00
# Visual Studio 2017
Project("{FAE04EC0-301F-11D3-BF4B-00C04F79EFBC}") = "HoloBot", "HoloBot.csproj", "{BD6A67AB-3154-F483-4EF6-7BC8267093A0}"
EndProject
Project("{FAE04EC0-301F-11D3-BF4B-00C04F79EFBC}") = "HoloBot.Editor", "HoloBot.Editor.csproj", "{0D522E03-A34A-48C4-680F-2B679D2D43EB}"
EndProject
Global
	GlobalSection(SolutionConfigurationPlatforms) = preSolution
		Debug|Any CPU = Debug|Any CPU
		Release|Any CPU = Release|Any CPU
	EndGlobalSection
	GlobalSection(ProjectConfigurationPlatforms) = postSolution
		{BD6A67AB-3154-F483-4EF6-7BC8267093A0}.Debug|Any CPU.ActiveCfg = Debug|Any CPU
		{BD6A67AB-3154-F483-4EF6-7BC8267093A0}.Debug|Any CPU.Build.0 = Debug|Any CPU
		{BD6A67AB-3154-F483-4EF6-7BC8267093A0}.Release|Any CPU.ActiveCfg = Release|Any CPU
		{BD6A67AB-3154-F483-4EF6-7BC8267093A0}.Release|Any CPU.Build.0 = Release|Any CPU
		{0D522E03-A34A-48C4-680F-2B679D2D43EB}.Debug|Any CPU.ActiveCfg = Debug|Any CPU
		{0D522E03-A34A-48C4-680F-2B679D2D43EB}.Debug|Any CPU.Build.0 = Debug|Any CPU
		{0D522E03-A34A-48C4-680F-2B679D2D43EB}.Release|Any CPU.ActiveCfg = Release|Any CPU
		{0D522E03-A34A-48C4-680F-2B679D2D43EB}.Release|Any CPU.Build.0 = Release|Any CPU
	EndGlobalSection
	GlobalSection(SolutionProperties) = preSolution
		HideSolutionNode = FALSE
	EndGlobalSection
EndGlobal
