
Microsoft Visual Studio Solution File, Format Version 12.00
# Visual Studio 15
Project("{FAE04EC0-301F-11D3-BF4B-00C04F79EFBC}") = "Microsoft.MixedReality.Toolkit.Providers.OpenVR", "Microsoft.MixedReality.Toolkit.Providers.OpenVR.csproj", "{B4ECD7B4-D2BE-5ECB-3519-73C26B2C57FD}"
EndProject
Project("{FAE04EC0-301F-11D3-BF4B-00C04F79EFBC}") = "Microsoft.MixedReality.Toolkit", "Microsoft.MixedReality.Toolkit.csproj", "{125A4E5D-2A28-8A17-F159-8F623033864A}"
EndProject
Project("{FAE04EC0-301F-11D3-BF4B-00C04F79EFBC}") = "Microsoft.MixedReality.Toolkit.SDK", "Microsoft.MixedReality.Toolkit.SDK.csproj", "{5BAFA1C3-50D2-6DB9-41E6-94724CE3669C}"
EndProject
Project("{FAE04EC0-301F-11D3-BF4B-00C04F79EFBC}") = "Microsoft.MixedReality.Toolkit.Services.SpatialAwarenessSystem", "Microsoft.MixedReality.Toolkit.Services.SpatialAwarenessSystem.csproj", "{26586B9E-F6D4-4152-69C9-8CA4D40A2517}"
EndProject
Project("{FAE04EC0-301F-11D3-BF4B-00C04F79EFBC}") = "Microsoft.MixedReality.Toolkit.Utilities.Gltf", "Microsoft.MixedReality.Toolkit.Utilities.Gltf.csproj", "{F501C9B9-16A4-DDD7-B3C6-B2DEE79BCE35}"
EndProject
Project("{FAE04EC0-301F-11D3-BF4B-00C04F79EFBC}") = "Microsoft.MixedReality.Toolkit.Services.InputSystem", "Microsoft.MixedReality.Toolkit.Services.InputSystem.csproj", "{F0144077-569A-37B7-E61C-D7E5949E259D}"
EndProject
Project("{FAE04EC0-301F-11D3-BF4B-00C04F79EFBC}") = "Microsoft.MixedReality.Toolkit.Services.InputSimulation", "Microsoft.MixedReality.Toolkit.Services.InputSimulation.csproj", "{FDD28CCF-FF00-303B-34AF-E24CA412C96A}"
EndProject
Project("{FAE04EC0-301F-11D3-BF4B-00C04F79EFBC}") = "Microsoft.MixedReality.Toolkit.Services.DiagnosticsSystem", "Microsoft.MixedReality.Toolkit.Services.DiagnosticsSystem.csproj", "{43A2ADF0-D532-960E-3E79-62A7EEEE07CE}"
EndProject
Project("{FAE04EC0-301F-11D3-BF4B-00C04F79EFBC}") = "Microsoft.MixedReality.Toolkit.Core.Utilities.Async", "Microsoft.MixedReality.Toolkit.Core.Utilities.Async.csproj", "{5A4E8BD7-89EE-32B1-EC3C-0DEA2BEF439A}"
EndProject
Project("{FAE04EC0-301F-11D3-BF4B-00C04F79EFBC}") = "Microsoft.MixedReality.Toolkit.Providers.WindowsMixedReality", "Microsoft.MixedReality.Toolkit.Providers.WindowsMixedReality.csproj", "{E4DAE1B7-FE17-BE32-AD68-8BDC053F6D91}"
EndProject
Project("{FAE04EC0-301F-11D3-BF4B-00C04F79EFBC}") = "Assembly-CSharp", "Assembly-CSharp.csproj", "{341C2442-0E2E-3C4B-9244-A77A5897AD72}"
EndProject
Project("{FAE04EC0-301F-11D3-BF4B-00C04F79EFBC}") = "Microsoft.MixedReality.Toolkit.Providers.WindowsVoiceInput", "Microsoft.MixedReality.Toolkit.Providers.WindowsVoiceInput.csproj", "{90079105-33D0-35F8-A24F-BFC5CA05986E}"
EndProject
Project("{FAE04EC0-301F-11D3-BF4B-00C04F79EFBC}") = "Microsoft.MixedReality.Toolkit.Services.TeleportSystem", "Microsoft.MixedReality.Toolkit.Services.TeleportSystem.csproj", "{EF37D90F-147A-86F9-01D4-9C761703B199}"
EndProject
Project("{FAE04EC0-301F-11D3-BF4B-00C04F79EFBC}") = "MixedRealityToolkit.Services.CameraSystem", "MixedRealityToolkit.Services.CameraSystem.csproj", "{914D7114-4429-5CEB-E5BA-C142D1046655}"
EndProject
Project("{FAE04EC0-301F-11D3-BF4B-00C04F79EFBC}") = "Microsoft.MixedReality.Toolkit.Services.BoundarySystem", "Microsoft.MixedReality.Toolkit.Services.BoundarySystem.csproj", "{3FA2F282-0B80-365E-8141-4482F2430211}"
EndProject
Project("{FAE04EC0-301F-11D3-BF4B-00C04F79EFBC}") = "Microsoft.MixedReality.Toolkit.SDK.Inspectors", "Microsoft.MixedReality.Toolkit.SDK.Inspectors.csproj", "{60215182-83EE-5B04-0C41-2CBF4A7E612E}"
EndProject
Project("{FAE04EC0-301F-11D3-BF4B-00C04F79EFBC}") = "Microsoft.MixedReality.Toolkit.Core.Inspectors", "Microsoft.MixedReality.Toolkit.Core.Inspectors.csproj", "{4766CC00-CEDE-B66A-D04D-A2F0E57D2D59}"
EndProject
Project("{FAE04EC0-301F-11D3-BF4B-00C04F79EFBC}") = "MixedRealityToolkit.Core.Inspectors.ServiceInspectors", "MixedRealityToolkit.Core.Inspectors.ServiceInspectors.csproj", "{17B39C9E-3872-9BCD-65AB-2500FB63DE32}"
EndProject
Project("{FAE04EC0-301F-11D3-BF4B-00C04F79EFBC}") = "Microsoft.MixedReality.Toolkit.Core.Utilities.Editor", "Microsoft.MixedReality.Toolkit.Core.Utilities.Editor.csproj", "{9A78CB6B-DE5B-4125-323C-5B6000C0875D}"
EndProject
Project("{FAE04EC0-301F-11D3-BF4B-00C04F79EFBC}") = "Microsoft.MixedReality.Toolkit.Utilities.Gltf.Importers", "Microsoft.MixedReality.Toolkit.Utilities.Gltf.Importers.csproj", "{D2C9E057-759A-1801-2AE1-E750D3821685}"
EndProject
Project("{FAE04EC0-301F-11D3-BF4B-00C04F79EFBC}") = "Microsoft.MixedReality.Toolkit.Core.Build", "Microsoft.MixedReality.Toolkit.Core.Build.csproj", "{BE62A438-AA68-111C-FC8D-026A330744D7}"
EndProject
Project("{FAE04EC0-301F-11D3-BF4B-00C04F79EFBC}") = "Microsoft.MixedReality.Toolkit.Core.Definitions.Utilities.Editor", "Microsoft.MixedReality.Toolkit.Core.Definitions.Utilities.Editor.csproj", "{A4E29C89-BBEE-B4D1-02B8-5DED87177EC0}"
EndProject
Project("{FAE04EC0-301F-11D3-BF4B-00C04F79EFBC}") = "Microsoft.MixedReality.Toolkit.Services.InputSimulation.Editor", "Microsoft.MixedReality.Toolkit.Services.InputSimulation.Editor.csproj", "{AD7B1FA5-0740-8CF9-5B3C-63269703D30E}"
EndProject
Project("{FAE04EC0-301F-11D3-BF4B-00C04F79EFBC}") = "Microsoft.MixedReality.Toolkit.Services.InputSystem.Inspectors", "Microsoft.MixedReality.Toolkit.Services.InputSystem.Inspectors.csproj", "{276E1917-66B8-C8D9-0DAE-ED858E2608D0}"
EndProject
Project("{FAE04EC0-301F-11D3-BF4B-00C04F79EFBC}") = "Microsoft.MixedReality.Toolkit.Core.Extensions.EditorClassExtensions", "Microsoft.MixedReality.Toolkit.Core.Extensions.EditorClassExtensions.csproj", "{7343B760-7A94-68C5-CE7B-B38278782224}"
EndProject
Global
	GlobalSection(SolutionConfigurationPlatforms) = preSolution
		Debug|Any CPU = Debug|Any CPU
		Release|Any CPU = Release|Any CPU
	EndGlobalSection
	GlobalSection(ProjectConfigurationPlatforms) = postSolution
		{B4ECD7B4-D2BE-5ECB-3519-73C26B2C57FD}.Debug|Any CPU.ActiveCfg = Debug|Any CPU
		{B4ECD7B4-D2BE-5ECB-3519-73C26B2C57FD}.Debug|Any CPU.Build.0 = Debug|Any CPU
		{B4ECD7B4-D2BE-5ECB-3519-73C26B2C57FD}.Release|Any CPU.ActiveCfg = Release|Any CPU
		{B4ECD7B4-D2BE-5ECB-3519-73C26B2C57FD}.Release|Any CPU.Build.0 = Release|Any CPU
		{125A4E5D-2A28-8A17-F159-8F623033864A}.Debug|Any CPU.ActiveCfg = Debug|Any CPU
		{125A4E5D-2A28-8A17-F159-8F623033864A}.Debug|Any CPU.Build.0 = Debug|Any CPU
		{125A4E5D-2A28-8A17-F159-8F623033864A}.Release|Any CPU.ActiveCfg = Release|Any CPU
		{125A4E5D-2A28-8A17-F159-8F623033864A}.Release|Any CPU.Build.0 = Release|Any CPU
		{5BAFA1C3-50D2-6DB9-41E6-94724CE3669C}.Debug|Any CPU.ActiveCfg = Debug|Any CPU
		{5BAFA1C3-50D2-6DB9-41E6-94724CE3669C}.Debug|Any CPU.Build.0 = Debug|Any CPU
		{5BAFA1C3-50D2-6DB9-41E6-94724CE3669C}.Release|Any CPU.ActiveCfg = Release|Any CPU
		{5BAFA1C3-50D2-6DB9-41E6-94724CE3669C}.Release|Any CPU.Build.0 = Release|Any CPU
		{26586B9E-F6D4-4152-69C9-8CA4D40A2517}.Debug|Any CPU.ActiveCfg = Debug|Any CPU
		{26586B9E-F6D4-4152-69C9-8CA4D40A2517}.Debug|Any CPU.Build.0 = Debug|Any CPU
		{26586B9E-F6D4-4152-69C9-8CA4D40A2517}.Release|Any CPU.ActiveCfg = Release|Any CPU
		{26586B9E-F6D4-4152-69C9-8CA4D40A2517}.Release|Any CPU.Build.0 = Release|Any CPU
		{F501C9B9-16A4-DDD7-B3C6-B2DEE79BCE35}.Debug|Any CPU.ActiveCfg = Debug|Any CPU
		{F501C9B9-16A4-DDD7-B3C6-B2DEE79BCE35}.Debug|Any CPU.Build.0 = Debug|Any CPU
		{F501C9B9-16A4-DDD7-B3C6-B2DEE79BCE35}.Release|Any CPU.ActiveCfg = Release|Any CPU
		{F501C9B9-16A4-DDD7-B3C6-B2DEE79BCE35}.Release|Any CPU.Build.0 = Release|Any CPU
		{F0144077-569A-37B7-E61C-D7E5949E259D}.Debug|Any CPU.ActiveCfg = Debug|Any CPU
		{F0144077-569A-37B7-E61C-D7E5949E259D}.Debug|Any CPU.Build.0 = Debug|Any CPU
		{F0144077-569A-37B7-E61C-D7E5949E259D}.Release|Any CPU.ActiveCfg = Release|Any CPU
		{F0144077-569A-37B7-E61C-D7E5949E259D}.Release|Any CPU.Build.0 = Release|Any CPU
		{FDD28CCF-FF00-303B-34AF-E24CA412C96A}.Debug|Any CPU.ActiveCfg = Debug|Any CPU
		{FDD28CCF-FF00-303B-34AF-E24CA412C96A}.Debug|Any CPU.Build.0 = Debug|Any CPU
		{FDD28CCF-FF00-303B-34AF-E24CA412C96A}.Release|Any CPU.ActiveCfg = Release|Any CPU
		{FDD28CCF-FF00-303B-34AF-E24CA412C96A}.Release|Any CPU.Build.0 = Release|Any CPU
		{43A2ADF0-D532-960E-3E79-62A7EEEE07CE}.Debug|Any CPU.ActiveCfg = Debug|Any CPU
		{43A2ADF0-D532-960E-3E79-62A7EEEE07CE}.Debug|Any CPU.Build.0 = Debug|Any CPU
		{43A2ADF0-D532-960E-3E79-62A7EEEE07CE}.Release|Any CPU.ActiveCfg = Release|Any CPU
		{43A2ADF0-D532-960E-3E79-62A7EEEE07CE}.Release|Any CPU.Build.0 = Release|Any CPU
		{5A4E8BD7-89EE-32B1-EC3C-0DEA2BEF439A}.Debug|Any CPU.ActiveCfg = Debug|Any CPU
		{5A4E8BD7-89EE-32B1-EC3C-0DEA2BEF439A}.Debug|Any CPU.Build.0 = Debug|Any CPU
		{5A4E8BD7-89EE-32B1-EC3C-0DEA2BEF439A}.Release|Any CPU.ActiveCfg = Release|Any CPU
		{5A4E8BD7-89EE-32B1-EC3C-0DEA2BEF439A}.Release|Any CPU.Build.0 = Release|Any CPU
		{E4DAE1B7-FE17-BE32-AD68-8BDC053F6D91}.Debug|Any CPU.ActiveCfg = Debug|Any CPU
		{E4DAE1B7-FE17-BE32-AD68-8BDC053F6D91}.Debug|Any CPU.Build.0 = Debug|Any CPU
		{E4DAE1B7-FE17-BE32-AD68-8BDC053F6D91}.Release|Any CPU.ActiveCfg = Release|Any CPU
		{E4DAE1B7-FE17-BE32-AD68-8BDC053F6D91}.Release|Any CPU.Build.0 = Release|Any CPU
		{341C2442-0E2E-3C4B-9244-A77A5897AD72}.Debug|Any CPU.ActiveCfg = Debug|Any CPU
		{341C2442-0E2E-3C4B-9244-A77A5897AD72}.Debug|Any CPU.Build.0 = Debug|Any CPU
		{341C2442-0E2E-3C4B-9244-A77A5897AD72}.Release|Any CPU.ActiveCfg = Release|Any CPU
		{341C2442-0E2E-3C4B-9244-A77A5897AD72}.Release|Any CPU.Build.0 = Release|Any CPU
		{90079105-33D0-35F8-A24F-BFC5CA05986E}.Debug|Any CPU.ActiveCfg = Debug|Any CPU
		{90079105-33D0-35F8-A24F-BFC5CA05986E}.Debug|Any CPU.Build.0 = Debug|Any CPU
		{90079105-33D0-35F8-A24F-BFC5CA05986E}.Release|Any CPU.ActiveCfg = Release|Any CPU
		{90079105-33D0-35F8-A24F-BFC5CA05986E}.Release|Any CPU.Build.0 = Release|Any CPU
		{EF37D90F-147A-86F9-01D4-9C761703B199}.Debug|Any CPU.ActiveCfg = Debug|Any CPU
		{EF37D90F-147A-86F9-01D4-9C761703B199}.Debug|Any CPU.Build.0 = Debug|Any CPU
		{EF37D90F-147A-86F9-01D4-9C761703B199}.Release|Any CPU.ActiveCfg = Release|Any CPU
		{EF37D90F-147A-86F9-01D4-9C761703B199}.Release|Any CPU.Build.0 = Release|Any CPU
		{914D7114-4429-5CEB-E5BA-C142D1046655}.Debug|Any CPU.ActiveCfg = Debug|Any CPU
		{914D7114-4429-5CEB-E5BA-C142D1046655}.Debug|Any CPU.Build.0 = Debug|Any CPU
		{914D7114-4429-5CEB-E5BA-C142D1046655}.Release|Any CPU.ActiveCfg = Release|Any CPU
		{914D7114-4429-5CEB-E5BA-C142D1046655}.Release|Any CPU.Build.0 = Release|Any CPU
		{3FA2F282-0B80-365E-8141-4482F2430211}.Debug|Any CPU.ActiveCfg = Debug|Any CPU
		{3FA2F282-0B80-365E-8141-4482F2430211}.Debug|Any CPU.Build.0 = Debug|Any CPU
		{3FA2F282-0B80-365E-8141-4482F2430211}.Release|Any CPU.ActiveCfg = Release|Any CPU
		{3FA2F282-0B80-365E-8141-4482F2430211}.Release|Any CPU.Build.0 = Release|Any CPU
		{60215182-83EE-5B04-0C41-2CBF4A7E612E}.Debug|Any CPU.ActiveCfg = Debug|Any CPU
		{60215182-83EE-5B04-0C41-2CBF4A7E612E}.Debug|Any CPU.Build.0 = Debug|Any CPU
		{60215182-83EE-5B04-0C41-2CBF4A7E612E}.Release|Any CPU.ActiveCfg = Release|Any CPU
		{60215182-83EE-5B04-0C41-2CBF4A7E612E}.Release|Any CPU.Build.0 = Release|Any CPU
		{4766CC00-CEDE-B66A-D04D-A2F0E57D2D59}.Debug|Any CPU.ActiveCfg = Debug|Any CPU
		{4766CC00-CEDE-B66A-D04D-A2F0E57D2D59}.Debug|Any CPU.Build.0 = Debug|Any CPU
		{4766CC00-CEDE-B66A-D04D-A2F0E57D2D59}.Release|Any CPU.ActiveCfg = Release|Any CPU
		{4766CC00-CEDE-B66A-D04D-A2F0E57D2D59}.Release|Any CPU.Build.0 = Release|Any CPU
		{17B39C9E-3872-9BCD-65AB-2500FB63DE32}.Debug|Any CPU.ActiveCfg = Debug|Any CPU
		{17B39C9E-3872-9BCD-65AB-2500FB63DE32}.Debug|Any CPU.Build.0 = Debug|Any CPU
		{17B39C9E-3872-9BCD-65AB-2500FB63DE32}.Release|Any CPU.ActiveCfg = Release|Any CPU
		{17B39C9E-3872-9BCD-65AB-2500FB63DE32}.Release|Any CPU.Build.0 = Release|Any CPU
		{9A78CB6B-DE5B-4125-323C-5B6000C0875D}.Debug|Any CPU.ActiveCfg = Debug|Any CPU
		{9A78CB6B-DE5B-4125-323C-5B6000C0875D}.Debug|Any CPU.Build.0 = Debug|Any CPU
		{9A78CB6B-DE5B-4125-323C-5B6000C0875D}.Release|Any CPU.ActiveCfg = Release|Any CPU
		{9A78CB6B-DE5B-4125-323C-5B6000C0875D}.Release|Any CPU.Build.0 = Release|Any CPU
		{D2C9E057-759A-1801-2AE1-E750D3821685}.Debug|Any CPU.ActiveCfg = Debug|Any CPU
		{D2C9E057-759A-1801-2AE1-E750D3821685}.Debug|Any CPU.Build.0 = Debug|Any CPU
		{D2C9E057-759A-1801-2AE1-E750D3821685}.Release|Any CPU.ActiveCfg = Release|Any CPU
		{D2C9E057-759A-1801-2AE1-E750D3821685}.Release|Any CPU.Build.0 = Release|Any CPU
		{BE62A438-AA68-111C-FC8D-026A330744D7}.Debug|Any CPU.ActiveCfg = Debug|Any CPU
		{BE62A438-AA68-111C-FC8D-026A330744D7}.Debug|Any CPU.Build.0 = Debug|Any CPU
		{BE62A438-AA68-111C-FC8D-026A330744D7}.Release|Any CPU.ActiveCfg = Release|Any CPU
		{BE62A438-AA68-111C-FC8D-026A330744D7}.Release|Any CPU.Build.0 = Release|Any CPU
		{A4E29C89-BBEE-B4D1-02B8-5DED87177EC0}.Debug|Any CPU.ActiveCfg = Debug|Any CPU
		{A4E29C89-BBEE-B4D1-02B8-5DED87177EC0}.Debug|Any CPU.Build.0 = Debug|Any CPU
		{A4E29C89-BBEE-B4D1-02B8-5DED87177EC0}.Release|Any CPU.ActiveCfg = Release|Any CPU
		{A4E29C89-BBEE-B4D1-02B8-5DED87177EC0}.Release|Any CPU.Build.0 = Release|Any CPU
		{AD7B1FA5-0740-8CF9-5B3C-63269703D30E}.Debug|Any CPU.ActiveCfg = Debug|Any CPU
		{AD7B1FA5-0740-8CF9-5B3C-63269703D30E}.Debug|Any CPU.Build.0 = Debug|Any CPU
		{AD7B1FA5-0740-8CF9-5B3C-63269703D30E}.Release|Any CPU.ActiveCfg = Release|Any CPU
		{AD7B1FA5-0740-8CF9-5B3C-63269703D30E}.Release|Any CPU.Build.0 = Release|Any CPU
		{276E1917-66B8-C8D9-0DAE-ED858E2608D0}.Debug|Any CPU.ActiveCfg = Debug|Any CPU
		{276E1917-66B8-C8D9-0DAE-ED858E2608D0}.Debug|Any CPU.Build.0 = Debug|Any CPU
		{276E1917-66B8-C8D9-0DAE-ED858E2608D0}.Release|Any CPU.ActiveCfg = Release|Any CPU
		{276E1917-66B8-C8D9-0DAE-ED858E2608D0}.Release|Any CPU.Build.0 = Release|Any CPU
		{7343B760-7A94-68C5-CE7B-B38278782224}.Debug|Any CPU.ActiveCfg = Debug|Any CPU
		{7343B760-7A94-68C5-CE7B-B38278782224}.Debug|Any CPU.Build.0 = Debug|Any CPU
		{7343B760-7A94-68C5-CE7B-B38278782224}.Release|Any CPU.ActiveCfg = Release|Any CPU
		{7343B760-7A94-68C5-CE7B-B38278782224}.Release|Any CPU.Build.0 = Release|Any CPU
	EndGlobalSection
	GlobalSection(SolutionProperties) = preSolution
		HideSolutionNode = FALSE
	EndGlobalSection
EndGlobal
