
Microsoft Visual Studio Solution File, Format Version 12.00
# Visual Studio 15
Project("{FAE04EC0-301F-11D3-BF4B-00C04F79EFBC}") = "Assembly-CSharp", "Assembly-CSharp.csproj", "{341C2442-0E2E-3C4B-9244-A77A5897AD72}"
EndProject
Project("{FAE04EC0-301F-11D3-BF4B-00C04F79EFBC}") = "Assembly-CSharp-Editor", "Assembly-CSharp-Editor.csproj", "{02F52917-6B48-75FE-2721-84749700D948}"
EndProject
Global
	GlobalSection(SolutionConfigurationPlatforms) = preSolution
		Debug|Any CPU = Debug|Any CPU
		Release|Any CPU = Release|Any CPU
	EndGlobalSection
	GlobalSection(ProjectConfigurationPlatforms) = postSolution
		{341C2442-0E2E-3C4B-9244-A77A5897AD72}.Debug|Any CPU.ActiveCfg = Debug|Any CPU
		{341C2442-0E2E-3C4B-9244-A77A5897AD72}.Debug|Any CPU.Build.0 = Debug|Any CPU
		{341C2442-0E2E-3C4B-9244-A77A5897AD72}.Release|Any CPU.ActiveCfg = Release|Any CPU
		{341C2442-0E2E-3C4B-9244-A77A5897AD72}.Release|Any CPU.Build.0 = Release|Any CPU
		{02F52917-6B48-75FE-2721-84749700D948}.Debug|Any CPU.ActiveCfg = Debug|Any CPU
		{02F52917-6B48-75FE-2721-84749700D948}.Debug|Any CPU.Build.0 = Debug|Any CPU
		{02F52917-6B48-75FE-2721-84749700D948}.Release|Any CPU.ActiveCfg = Release|Any CPU
		{02F52917-6B48-75FE-2721-84749700D948}.Release|Any CPU.Build.0 = Release|Any CPU
	EndGlobalSection
	GlobalSection(SolutionProperties) = preSolution
		HideSolutionNode = FALSE
	EndGlobalSection
EndGlobal
